
Microsoft Visual Studio Solution File, Format Version 12.00
# Visual Studio Version 17
VisualStudioVersion = 17.4.33403.182
MinimumVisualStudioVersion = 10.0.40219.1
Project("{FAE04EC0-301F-11D3-BF4B-00C04F79EFBC}") = "WebApplicationNet6", "WebApplicationNet6\WebApplicationNet6.csproj", "{3F248BE2-9D1D-4B99-A155-E49F3815A4B9}"
EndProject
Global
	GlobalSection(SolutionConfigurationPlatforms) = preSolution
		Debug|Any CPU = Debug|Any CPU
		Release|Any CPU = Release|Any CPU
	EndGlobalSection
	GlobalSection(ProjectConfigurationPlatforms) = postSolution
		{3F248BE2-9D1D-4B99-A155-E49F3815A4B9}.Debug|Any CPU.ActiveCfg = Debug|Any CPU
		{3F248BE2-9D1D-4B99-A155-E49F3815A4B9}.Debug|Any CPU.Build.0 = Debug|Any CPU
		{3F248BE2-9D1D-4B99-A155-E49F3815A4B9}.Release|Any CPU.ActiveCfg = Release|Any CPU
		{3F248BE2-9D1D-4B99-A155-E49F3815A4B9}.Release|Any CPU.Build.0 = Release|Any CPU
	EndGlobalSection
	GlobalSection(SolutionProperties) = preSolution
		HideSolutionNode = FALSE
	EndGlobalSection
	GlobalSection(ExtensibilityGlobals) = postSolution
		SolutionGuid = {37C56429-CA2E-4E7D-9AFC-B754B22185CB}
	EndGlobalSection
EndGlobal
